// !$*UTF8*$!
{
	archiveVersion = 1;
	classes = {
	};
	objectVersion = 50;
	objects = {

/* Begin PBXBuildFile section */
		0D0C02372622FC44007D2121 /* LibraryView.swift in Sources */ = {isa = PBXBuildFile; fileRef = 0D0C02362622FC44007D2121 /* LibraryView.swift */; };
		0D15B7A3262603EF0087C2F0 /* Logo.swift in Sources */ = {isa = PBXBuildFile; fileRef = 0D15B7A2262603EF0087C2F0 /* Logo.swift */; };
		0D15B7A72626047E0087C2F0 /* LogoText.swift in Sources */ = {isa = PBXBuildFile; fileRef = 0D15B7A62626047E0087C2F0 /* LogoText.swift */; };
		0D15B7B12626107E0087C2F0 /* logLineButton.swift in Sources */ = {isa = PBXBuildFile; fileRef = 0D15B7B02626107E0087C2F0 /* logLineButton.swift */; };
		0D15B7CD262EBC540087C2F0 /* StoryRow.swift in Sources */ = {isa = PBXBuildFile; fileRef = 0D15B7CC262EBC540087C2F0 /* StoryRow.swift */; };
		0D15B7D1262EBCAB0087C2F0 /* Story.swift in Sources */ = {isa = PBXBuildFile; fileRef = 0D15B7D0262EBCAB0087C2F0 /* Story.swift */; };
		0D15B82F262F122A0087C2F0 /* Classic.swift in Sources */ = {isa = PBXBuildFile; fileRef = 0D15B82E262F122A0087C2F0 /* Classic.swift */; };
		0D1734102630396E00DEE8F2 /* Font Awesome 5 Free-Regular-400.otf in Resources */ = {isa = PBXBuildFile; fileRef = 0D17340E2630396E00DEE8F2 /* Font Awesome 5 Free-Regular-400.otf */; };
		0D1734112630396E00DEE8F2 /* Font Awesome 5 Free-Regular-400.otf in Resources */ = {isa = PBXBuildFile; fileRef = 0D17340E2630396E00DEE8F2 /* Font Awesome 5 Free-Regular-400.otf */; };
		0D1734122630396E00DEE8F2 /* Font Awesome 5 Free-Solid-900.otf in Resources */ = {isa = PBXBuildFile; fileRef = 0D17340F2630396E00DEE8F2 /* Font Awesome 5 Free-Solid-900.otf */; };
		0D1734132630396E00DEE8F2 /* Font Awesome 5 Free-Solid-900.otf in Resources */ = {isa = PBXBuildFile; fileRef = 0D17340F2630396E00DEE8F2 /* Font Awesome 5 Free-Solid-900.otf */; };
		0D6C9CFC261A178B0098ED84 /* AboutView.swift in Sources */ = {isa = PBXBuildFile; fileRef = 0D6C9CFB261A178B0098ED84 /* AboutView.swift */; };
		0D6C9D09261B0A520098ED84 /* buttonControl.swift in Sources */ = {isa = PBXBuildFile; fileRef = 0D6C9D08261B0A520098ED84 /* buttonControl.swift */; };
		0D6C9D0F261B49FD0098ED84 /* nounBank.swift in Sources */ = {isa = PBXBuildFile; fileRef = 0D6C9D0E261B49FD0098ED84 /* nounBank.swift */; };
		0D6C9D17261B4DFD0098ED84 /* negAdjBank.swift in Sources */ = {isa = PBXBuildFile; fileRef = 0D6C9D16261B4DFD0098ED84 /* negAdjBank.swift */; };
		0D6C9D1C261B4F340098ED84 /* posAdjBank.swift in Sources */ = {isa = PBXBuildFile; fileRef = 0D6C9D1B261B4F340098ED84 /* posAdjBank.swift */; };
		0D6C9D21261B4F750098ED84 /* verbFirstPerson.swift in Sources */ = {isa = PBXBuildFile; fileRef = 0D6C9D20261B4F750098ED84 /* verbFirstPerson.swift */; };
		0D6C9D26261B52590098ED84 /* verbThirdPerson.swift in Sources */ = {isa = PBXBuildFile; fileRef = 0D6C9D25261B52590098ED84 /* verbThirdPerson.swift */; };
		0DA5A2B82621A7250001BACD /* ClassicStory.swift in Sources */ = {isa = PBXBuildFile; fileRef = 0DA5A2B72621A7250001BACD /* ClassicStory.swift */; };
		0DA5A3382621C2F70001BACD /* Log_LineTests.swift in Sources */ = {isa = PBXBuildFile; fileRef = 0DA5A2C42621B5200001BACD /* Log_LineTests.swift */; };
		0DA5A35C2621E2D20001BACD /* makeChoice.swift in Sources */ = {isa = PBXBuildFile; fileRef = 0DA5A35B2621E2D20001BACD /* makeChoice.swift */; };
		0DA5A3602621E3360001BACD /* storyBank.swift in Sources */ = {isa = PBXBuildFile; fileRef = 0DA5A35F2621E3360001BACD /* storyBank.swift */; };
		0DC94BBF261F2B7F00C47A74 /* verbBankPast.swift in Sources */ = {isa = PBXBuildFile; fileRef = 0DC94BBE261F2B7F00C47A74 /* verbBankPast.swift */; };
		0DC94BC4261F2E7500C47A74 /* excuseNounBank.swift in Sources */ = {isa = PBXBuildFile; fileRef = 0DC94BC3261F2E7500C47A74 /* excuseNounBank.swift */; };
		0DC94BC9261F307F00C47A74 /* excuseVerbBank.swift in Sources */ = {isa = PBXBuildFile; fileRef = 0DC94BC8261F307F00C47A74 /* excuseVerbBank.swift */; };
		0DD9CFC22618956500E465AB /* Log_LineApp.swift in Sources */ = {isa = PBXBuildFile; fileRef = 0DD9CFC12618956500E465AB /* Log_LineApp.swift */; };
		0DD9CFC42618956500E465AB /* ContentView.swift in Sources */ = {isa = PBXBuildFile; fileRef = 0DD9CFC32618956500E465AB /* ContentView.swift */; };
		0DD9CFC62618956600E465AB /* Assets.xcassets in Resources */ = {isa = PBXBuildFile; fileRef = 0DD9CFC52618956600E465AB /* Assets.xcassets */; };
		0DD9CFC92618956600E465AB /* Preview Assets.xcassets in Resources */ = {isa = PBXBuildFile; fileRef = 0DD9CFC82618956600E465AB /* Preview Assets.xcassets */; };
		0DD9CFF02618B04C00E465AB /* LogLine.swift in Sources */ = {isa = PBXBuildFile; fileRef = 0DD9CFEF2618B04C00E465AB /* LogLine.swift */; };
/* End PBXBuildFile section */

/* Begin PBXContainerItemProxy section */
		0DA5A2C72621B5200001BACD /* PBXContainerItemProxy */ = {
			isa = PBXContainerItemProxy;
			containerPortal = 0DD9CFB62618956500E465AB /* Project object */;
			proxyType = 1;
			remoteGlobalIDString = 0DD9CFBD2618956500E465AB;
			remoteInfo = "Log-Line";
		};
/* End PBXContainerItemProxy section */

/* Begin PBXFileReference section */
		0D0C02362622FC44007D2121 /* LibraryView.swift */ = {isa = PBXFileReference; lastKnownFileType = sourcecode.swift; path = LibraryView.swift; sourceTree = "<group>"; };
		0D15B7A2262603EF0087C2F0 /* Logo.swift */ = {isa = PBXFileReference; lastKnownFileType = sourcecode.swift; path = Logo.swift; sourceTree = "<group>"; };
		0D15B7A62626047E0087C2F0 /* LogoText.swift */ = {isa = PBXFileReference; lastKnownFileType = sourcecode.swift; path = LogoText.swift; sourceTree = "<group>"; };
		0D15B7B02626107E0087C2F0 /* logLineButton.swift */ = {isa = PBXFileReference; lastKnownFileType = sourcecode.swift; path = logLineButton.swift; sourceTree = "<group>"; };
		0D15B7CC262EBC540087C2F0 /* StoryRow.swift */ = {isa = PBXFileReference; lastKnownFileType = sourcecode.swift; path = StoryRow.swift; sourceTree = "<group>"; };
		0D15B7D0262EBCAB0087C2F0 /* Story.swift */ = {isa = PBXFileReference; lastKnownFileType = sourcecode.swift; path = Story.swift; sourceTree = "<group>"; };
		0D15B82E262F122A0087C2F0 /* Classic.swift */ = {isa = PBXFileReference; lastKnownFileType = sourcecode.swift; path = Classic.swift; sourceTree = "<group>"; };
		0D17340E2630396E00DEE8F2 /* Font Awesome 5 Free-Regular-400.otf */ = {isa = PBXFileReference; lastKnownFileType = file; path = "Font Awesome 5 Free-Regular-400.otf"; sourceTree = "<group>"; };
		0D17340F2630396E00DEE8F2 /* Font Awesome 5 Free-Solid-900.otf */ = {isa = PBXFileReference; lastKnownFileType = file; path = "Font Awesome 5 Free-Solid-900.otf"; sourceTree = "<group>"; };
		0D6C9CFB261A178B0098ED84 /* AboutView.swift */ = {isa = PBXFileReference; lastKnownFileType = sourcecode.swift; path = AboutView.swift; sourceTree = "<group>"; };
		0D6C9D08261B0A520098ED84 /* buttonControl.swift */ = {isa = PBXFileReference; lastKnownFileType = sourcecode.swift; path = buttonControl.swift; sourceTree = "<group>"; };
		0D6C9D0E261B49FD0098ED84 /* nounBank.swift */ = {isa = PBXFileReference; lastKnownFileType = sourcecode.swift; path = nounBank.swift; sourceTree = "<group>"; };
		0D6C9D16261B4DFD0098ED84 /* negAdjBank.swift */ = {isa = PBXFileReference; lastKnownFileType = sourcecode.swift; path = negAdjBank.swift; sourceTree = "<group>"; };
		0D6C9D1B261B4F340098ED84 /* posAdjBank.swift */ = {isa = PBXFileReference; lastKnownFileType = sourcecode.swift; path = posAdjBank.swift; sourceTree = "<group>"; };
		0D6C9D20261B4F750098ED84 /* verbFirstPerson.swift */ = {isa = PBXFileReference; lastKnownFileType = sourcecode.swift; path = verbFirstPerson.swift; sourceTree = "<group>"; };
		0D6C9D25261B52590098ED84 /* verbThirdPerson.swift */ = {isa = PBXFileReference; lastKnownFileType = sourcecode.swift; path = verbThirdPerson.swift; sourceTree = "<group>"; };
		0DA5A2B72621A7250001BACD /* ClassicStory.swift */ = {isa = PBXFileReference; lastKnownFileType = sourcecode.swift; path = ClassicStory.swift; sourceTree = "<group>"; };
		0DA5A2C22621B5200001BACD /* Log-LineTests.xctest */ = {isa = PBXFileReference; explicitFileType = wrapper.cfbundle; includeInIndex = 0; path = "Log-LineTests.xctest"; sourceTree = BUILT_PRODUCTS_DIR; };
		0DA5A2C42621B5200001BACD /* Log_LineTests.swift */ = {isa = PBXFileReference; lastKnownFileType = sourcecode.swift; path = Log_LineTests.swift; sourceTree = "<group>"; };
		0DA5A2C62621B5200001BACD /* Info.plist */ = {isa = PBXFileReference; lastKnownFileType = text.plist.xml; name = Info.plist; path = "Log-LineTests/Info.plist"; sourceTree = SOURCE_ROOT; };
		0DA5A35B2621E2D20001BACD /* makeChoice.swift */ = {isa = PBXFileReference; lastKnownFileType = sourcecode.swift; path = makeChoice.swift; sourceTree = "<group>"; };
		0DA5A35F2621E3360001BACD /* storyBank.swift */ = {isa = PBXFileReference; lastKnownFileType = sourcecode.swift; path = storyBank.swift; sourceTree = "<group>"; };
		0DC94BBE261F2B7F00C47A74 /* verbBankPast.swift */ = {isa = PBXFileReference; lastKnownFileType = sourcecode.swift; path = verbBankPast.swift; sourceTree = "<group>"; };
		0DC94BC3261F2E7500C47A74 /* excuseNounBank.swift */ = {isa = PBXFileReference; lastKnownFileType = sourcecode.swift; path = excuseNounBank.swift; sourceTree = "<group>"; };
		0DC94BC8261F307F00C47A74 /* excuseVerbBank.swift */ = {isa = PBXFileReference; lastKnownFileType = sourcecode.swift; path = excuseVerbBank.swift; sourceTree = "<group>"; };
		0DD9CFBE2618956500E465AB /* Log-Line.app */ = {isa = PBXFileReference; explicitFileType = wrapper.application; includeInIndex = 0; path = "Log-Line.app"; sourceTree = BUILT_PRODUCTS_DIR; };
		0DD9CFC12618956500E465AB /* Log_LineApp.swift */ = {isa = PBXFileReference; lastKnownFileType = sourcecode.swift; path = Log_LineApp.swift; sourceTree = "<group>"; };
		0DD9CFC32618956500E465AB /* ContentView.swift */ = {isa = PBXFileReference; lastKnownFileType = sourcecode.swift; path = ContentView.swift; sourceTree = "<group>"; };
		0DD9CFC52618956600E465AB /* Assets.xcassets */ = {isa = PBXFileReference; lastKnownFileType = folder.assetcatalog; path = Assets.xcassets; sourceTree = "<group>"; };
		0DD9CFC82618956600E465AB /* Preview Assets.xcassets */ = {isa = PBXFileReference; lastKnownFileType = folder.assetcatalog; path = "Preview Assets.xcassets"; sourceTree = "<group>"; };
		0DD9CFCA2618956600E465AB /* Info.plist */ = {isa = PBXFileReference; lastKnownFileType = text.plist.xml; path = Info.plist; sourceTree = "<group>"; };
		0DD9CFEF2618B04C00E465AB /* LogLine.swift */ = {isa = PBXFileReference; lastKnownFileType = sourcecode.swift; path = LogLine.swift; sourceTree = "<group>"; };
/* End PBXFileReference section */

/* Begin PBXFrameworksBuildPhase section */
		0DA5A2BF2621B5200001BACD /* Frameworks */ = {
			isa = PBXFrameworksBuildPhase;
			buildActionMask = 2147483647;
			files = (
			);
			runOnlyForDeploymentPostprocessing = 0;
		};
		0DD9CFBB2618956500E465AB /* Frameworks */ = {
			isa = PBXFrameworksBuildPhase;
			buildActionMask = 2147483647;
			files = (
			);
			runOnlyForDeploymentPostprocessing = 0;
		};
/* End PBXFrameworksBuildPhase section */

/* Begin PBXGroup section */
		0D17340D2630395800DEE8F2 /* Fonts */ = {
			isa = PBXGroup;
			children = (
				0D17340E2630396E00DEE8F2 /* Font Awesome 5 Free-Regular-400.otf */,
				0D17340F2630396E00DEE8F2 /* Font Awesome 5 Free-Solid-900.otf */,
			);
			path = Fonts;
			sourceTree = "<group>";
		};
		0D6C9D0D261B49E90098ED84 /* Resources */ = {
			isa = PBXGroup;
			children = (
				0D6C9D0E261B49FD0098ED84 /* nounBank.swift */,
				0D6C9D16261B4DFD0098ED84 /* negAdjBank.swift */,
				0D6C9D1B261B4F340098ED84 /* posAdjBank.swift */,
				0D6C9D20261B4F750098ED84 /* verbFirstPerson.swift */,
				0D6C9D25261B52590098ED84 /* verbThirdPerson.swift */,
				0DC94BBE261F2B7F00C47A74 /* verbBankPast.swift */,
				0DC94BC3261F2E7500C47A74 /* excuseNounBank.swift */,
				0DC94BC8261F307F00C47A74 /* excuseVerbBank.swift */,
				0DA5A35F2621E3360001BACD /* storyBank.swift */,
			);
			path = Resources;
			sourceTree = "<group>";
		};
		0DA5A2C32621B5200001BACD /* Log-LineTests */ = {
			isa = PBXGroup;
			children = (
				0DA5A2C42621B5200001BACD /* Log_LineTests.swift */,
				0DA5A2C62621B5200001BACD /* Info.plist */,
			);
			path = "Log-LineTests";
			sourceTree = "<group>";
		};
		0DC4CC04261DEFF00049A366 /* Views */ = {
			isa = PBXGroup;
			children = (
				0D6C9CFB261A178B0098ED84 /* AboutView.swift */,
				0DD9CFC32618956500E465AB /* ContentView.swift */,
				0D0C02362622FC44007D2121 /* LibraryView.swift */,
				0D15B7A2262603EF0087C2F0 /* Logo.swift */,
				0D15B7A62626047E0087C2F0 /* LogoText.swift */,
				0D15B7B02626107E0087C2F0 /* logLineButton.swift */,
				0D15B7CC262EBC540087C2F0 /* StoryRow.swift */,
				0D15B82E262F122A0087C2F0 /* Classic.swift */,
			);
			path = Views;
			sourceTree = "<group>";
		};
		0DC94BCD261F313300C47A74 /* Model */ = {
			isa = PBXGroup;
			children = (
				0D6C9D08261B0A520098ED84 /* buttonControl.swift */,
				0DD9CFEF2618B04C00E465AB /* LogLine.swift */,
				0DA5A2B72621A7250001BACD /* ClassicStory.swift */,
				0DA5A35B2621E2D20001BACD /* makeChoice.swift */,
				0D15B7D0262EBCAB0087C2F0 /* Story.swift */,
			);
			path = Model;
			sourceTree = "<group>";
		};
		0DD9CFB52618956500E465AB = {
			isa = PBXGroup;
			children = (
				0D17340D2630395800DEE8F2 /* Fonts */,
				0DD9CFC02618956500E465AB /* Log-Line */,
				0DA5A2C32621B5200001BACD /* Log-LineTests */,
				0DD9CFBF2618956500E465AB /* Products */,
			);
			sourceTree = "<group>";
		};
		0DD9CFBF2618956500E465AB /* Products */ = {
			isa = PBXGroup;
			children = (
				0DD9CFBE2618956500E465AB /* Log-Line.app */,
				0DA5A2C22621B5200001BACD /* Log-LineTests.xctest */,
			);
			name = Products;
			sourceTree = "<group>";
		};
		0DD9CFC02618956500E465AB /* Log-Line */ = {
			isa = PBXGroup;
			children = (
				0DC94BCD261F313300C47A74 /* Model */,
				0DC4CC04261DEFF00049A366 /* Views */,
				0D6C9D0D261B49E90098ED84 /* Resources */,
				0DD9CFC12618956500E465AB /* Log_LineApp.swift */,
				0DD9CFC52618956600E465AB /* Assets.xcassets */,
				0DD9CFCA2618956600E465AB /* Info.plist */,
				0DD9CFC72618956600E465AB /* Preview Content */,
			);
			path = "Log-Line";
			sourceTree = "<group>";
		};
		0DD9CFC72618956600E465AB /* Preview Content */ = {
			isa = PBXGroup;
			children = (
				0DD9CFC82618956600E465AB /* Preview Assets.xcassets */,
			);
			path = "Preview Content";
			sourceTree = "<group>";
		};
/* End PBXGroup section */

/* Begin PBXNativeTarget section */
		0DA5A2C12621B5200001BACD /* Log-LineTests */ = {
			isa = PBXNativeTarget;
			buildConfigurationList = 0DA5A2C92621B5200001BACD /* Build configuration list for PBXNativeTarget "Log-LineTests" */;
			buildPhases = (
				0DA5A2BE2621B5200001BACD /* Sources */,
				0DA5A2BF2621B5200001BACD /* Frameworks */,
				0DA5A2C02621B5200001BACD /* Resources */,
			);
			buildRules = (
			);
			dependencies = (
				0DA5A2C82621B5200001BACD /* PBXTargetDependency */,
			);
			name = "Log-LineTests";
			productName = "Log-LineTests";
			productReference = 0DA5A2C22621B5200001BACD /* Log-LineTests.xctest */;
			productType = "com.apple.product-type.bundle.unit-test";
		};
		0DD9CFBD2618956500E465AB /* Log-Line */ = {
			isa = PBXNativeTarget;
			buildConfigurationList = 0DD9CFE32618956600E465AB /* Build configuration list for PBXNativeTarget "Log-Line" */;
			buildPhases = (
				0DD9CFBA2618956500E465AB /* Sources */,
				0DD9CFBB2618956500E465AB /* Frameworks */,
				0DD9CFBC2618956500E465AB /* Resources */,
			);
			buildRules = (
			);
			dependencies = (
			);
			name = "Log-Line";
			productName = "Log-Line";
			productReference = 0DD9CFBE2618956500E465AB /* Log-Line.app */;
			productType = "com.apple.product-type.application";
		};
/* End PBXNativeTarget section */

/* Begin PBXProject section */
		0DD9CFB62618956500E465AB /* Project object */ = {
			isa = PBXProject;
			attributes = {
				LastSwiftUpdateCheck = 1240;
				LastUpgradeCheck = 1240;
				TargetAttributes = {
					0DA5A2C12621B5200001BACD = {
						CreatedOnToolsVersion = 12.4;
						TestTargetID = 0DD9CFBD2618956500E465AB;
					};
					0DD9CFBD2618956500E465AB = {
						CreatedOnToolsVersion = 12.4;
					};
				};
			};
			buildConfigurationList = 0DD9CFB92618956500E465AB /* Build configuration list for PBXProject "Log-Line" */;
			compatibilityVersion = "Xcode 9.3";
			developmentRegion = en;
			hasScannedForEncodings = 0;
			knownRegions = (
				en,
				Base,
			);
			mainGroup = 0DD9CFB52618956500E465AB;
			productRefGroup = 0DD9CFBF2618956500E465AB /* Products */;
			projectDirPath = "";
			projectRoot = "";
			targets = (
				0DD9CFBD2618956500E465AB /* Log-Line */,
				0DA5A2C12621B5200001BACD /* Log-LineTests */,
			);
		};
/* End PBXProject section */

/* Begin PBXResourcesBuildPhase section */
		0DA5A2C02621B5200001BACD /* Resources */ = {
			isa = PBXResourcesBuildPhase;
			buildActionMask = 2147483647;
			files = (
				0D1734112630396E00DEE8F2 /* Font Awesome 5 Free-Regular-400.otf in Resources */,
				0D1734132630396E00DEE8F2 /* Font Awesome 5 Free-Solid-900.otf in Resources */,
			);
			runOnlyForDeploymentPostprocessing = 0;
		};
		0DD9CFBC2618956500E465AB /* Resources */ = {
			isa = PBXResourcesBuildPhase;
			buildActionMask = 2147483647;
			files = (
				0DD9CFC92618956600E465AB /* Preview Assets.xcassets in Resources */,
				0D1734102630396E00DEE8F2 /* Font Awesome 5 Free-Regular-400.otf in Resources */,
				0DD9CFC62618956600E465AB /* Assets.xcassets in Resources */,
				0D1734122630396E00DEE8F2 /* Font Awesome 5 Free-Solid-900.otf in Resources */,
			);
			runOnlyForDeploymentPostprocessing = 0;
		};
/* End PBXResourcesBuildPhase section */

/* Begin PBXSourcesBuildPhase section */
		0DA5A2BE2621B5200001BACD /* Sources */ = {
			isa = PBXSourcesBuildPhase;
			buildActionMask = 2147483647;
			files = (
				0DA5A3382621C2F70001BACD /* Log_LineTests.swift in Sources */,
			);
			runOnlyForDeploymentPostprocessing = 0;
		};
		0DD9CFBA2618956500E465AB /* Sources */ = {
			isa = PBXSourcesBuildPhase;
			buildActionMask = 2147483647;
			files = (
				0D0C02372622FC44007D2121 /* LibraryView.swift in Sources */,
				0D6C9D1C261B4F340098ED84 /* posAdjBank.swift in Sources */,
				0D15B7A3262603EF0087C2F0 /* Logo.swift in Sources */,
				0D6C9CFC261A178B0098ED84 /* AboutView.swift in Sources */,
				0D15B7CD262EBC540087C2F0 /* StoryRow.swift in Sources */,
				0DC94BBF261F2B7F00C47A74 /* verbBankPast.swift in Sources */,
				0DA5A35C2621E2D20001BACD /* makeChoice.swift in Sources */,
				0DD9CFC42618956500E465AB /* ContentView.swift in Sources */,
				0D15B7A72626047E0087C2F0 /* LogoText.swift in Sources */,
				0DC94BC4261F2E7500C47A74 /* excuseNounBank.swift in Sources */,
				0D6C9D09261B0A520098ED84 /* buttonControl.swift in Sources */,
				0DA5A3602621E3360001BACD /* storyBank.swift in Sources */,
				0DA5A2B82621A7250001BACD /* ClassicStory.swift in Sources */,
				0D15B7B12626107E0087C2F0 /* logLineButton.swift in Sources */,
				0DD9CFF02618B04C00E465AB /* LogLine.swift in Sources */,
				0DC94BC9261F307F00C47A74 /* excuseVerbBank.swift in Sources */,
				0D6C9D21261B4F750098ED84 /* verbFirstPerson.swift in Sources */,
				0D6C9D17261B4DFD0098ED84 /* negAdjBank.swift in Sources */,
				0D6C9D26261B52590098ED84 /* verbThirdPerson.swift in Sources */,
				0D15B82F262F122A0087C2F0 /* Classic.swift in Sources */,
				0DD9CFC22618956500E465AB /* Log_LineApp.swift in Sources */,
				0D6C9D0F261B49FD0098ED84 /* nounBank.swift in Sources */,
				0D15B7D1262EBCAB0087C2F0 /* Story.swift in Sources */,
			);
			runOnlyForDeploymentPostprocessing = 0;
		};
/* End PBXSourcesBuildPhase section */

/* Begin PBXTargetDependency section */
		0DA5A2C82621B5200001BACD /* PBXTargetDependency */ = {
			isa = PBXTargetDependency;
			target = 0DD9CFBD2618956500E465AB /* Log-Line */;
			targetProxy = 0DA5A2C72621B5200001BACD /* PBXContainerItemProxy */;
		};
/* End PBXTargetDependency section */

/* Begin XCBuildConfiguration section */
		0DA5A2CA2621B5200001BACD /* Debug */ = {
			isa = XCBuildConfiguration;
			buildSettings = {
				BUNDLE_LOADER = "$(TEST_HOST)";
				CODE_SIGN_STYLE = Automatic;
				DEVELOPMENT_TEAM = 6TPWY3BLL8;
				ENABLE_TESTABILITY = YES;
				INFOPLIST_FILE = "Log-LineTests/Info.plist";
				LD_RUNPATH_SEARCH_PATHS = (
					"$(inherited)",
					"@executable_path/Frameworks",
					"@loader_path/Frameworks",
				);
				PRODUCT_BUNDLE_IDENTIFIER = "PetarSimonovic.Log-LineTests";
				PRODUCT_NAME = "$(TARGET_NAME)";
				SWIFT_VERSION = 5.0;
				TARGETED_DEVICE_FAMILY = "1,2";
				TEST_HOST = "$(BUILT_PRODUCTS_DIR)/Log-Line.app/Log-Line";
			};
			name = Debug;
		};
		0DA5A2CB2621B5200001BACD /* Release */ = {
			isa = XCBuildConfiguration;
			buildSettings = {
				BUNDLE_LOADER = "$(TEST_HOST)";
				CODE_SIGN_STYLE = Automatic;
				DEVELOPMENT_TEAM = 6TPWY3BLL8;
				ENABLE_TESTABILITY = YES;
				INFOPLIST_FILE = "Log-LineTests/Info.plist";
				LD_RUNPATH_SEARCH_PATHS = (
					"$(inherited)",
					"@executable_path/Frameworks",
					"@loader_path/Frameworks",
				);
				PRODUCT_BUNDLE_IDENTIFIER = "PetarSimonovic.Log-LineTests";
				PRODUCT_NAME = "$(TARGET_NAME)";
				SWIFT_VERSION = 5.0;
				TARGETED_DEVICE_FAMILY = "1,2";
				TEST_HOST = "$(BUILT_PRODUCTS_DIR)/Log-Line.app/Log-Line";
			};
			name = Release;
		};
		0DD9CFE12618956600E465AB /* Debug */ = {
			isa = XCBuildConfiguration;
			buildSettings = {
				ALWAYS_SEARCH_USER_PATHS = NO;
				CLANG_ANALYZER_NONNULL = YES;
				CLANG_ANALYZER_NUMBER_OBJECT_CONVERSION = YES_AGGRESSIVE;
				CLANG_CXX_LANGUAGE_STANDARD = "gnu++14";
				CLANG_CXX_LIBRARY = "libc++";
				CLANG_ENABLE_MODULES = YES;
				CLANG_ENABLE_OBJC_ARC = YES;
				CLANG_ENABLE_OBJC_WEAK = YES;
				CLANG_WARN_BLOCK_CAPTURE_AUTORELEASING = YES;
				CLANG_WARN_BOOL_CONVERSION = YES;
				CLANG_WARN_COMMA = YES;
				CLANG_WARN_CONSTANT_CONVERSION = YES;
				CLANG_WARN_DEPRECATED_OBJC_IMPLEMENTATIONS = YES;
				CLANG_WARN_DIRECT_OBJC_ISA_USAGE = YES_ERROR;
				CLANG_WARN_DOCUMENTATION_COMMENTS = YES;
				CLANG_WARN_EMPTY_BODY = YES;
				CLANG_WARN_ENUM_CONVERSION = YES;
				CLANG_WARN_INFINITE_RECURSION = YES;
				CLANG_WARN_INT_CONVERSION = YES;
				CLANG_WARN_NON_LITERAL_NULL_CONVERSION = YES;
				CLANG_WARN_OBJC_IMPLICIT_RETAIN_SELF = YES;
				CLANG_WARN_OBJC_LITERAL_CONVERSION = YES;
				CLANG_WARN_OBJC_ROOT_CLASS = YES_ERROR;
				CLANG_WARN_QUOTED_INCLUDE_IN_FRAMEWORK_HEADER = YES;
				CLANG_WARN_RANGE_LOOP_ANALYSIS = YES;
				CLANG_WARN_STRICT_PROTOTYPES = YES;
				CLANG_WARN_SUSPICIOUS_MOVE = YES;
				CLANG_WARN_UNGUARDED_AVAILABILITY = YES_AGGRESSIVE;
				CLANG_WARN_UNREACHABLE_CODE = YES;
				CLANG_WARN__DUPLICATE_METHOD_MATCH = YES;
				COPY_PHASE_STRIP = NO;
				DEBUG_INFORMATION_FORMAT = dwarf;
				ENABLE_STRICT_OBJC_MSGSEND = YES;
				ENABLE_TESTABILITY = YES;
				GCC_C_LANGUAGE_STANDARD = gnu11;
				GCC_DYNAMIC_NO_PIC = NO;
				GCC_NO_COMMON_BLOCKS = YES;
				GCC_OPTIMIZATION_LEVEL = 0;
				GCC_PREPROCESSOR_DEFINITIONS = (
					"DEBUG=1",
					"$(inherited)",
				);
				GCC_WARN_64_TO_32_BIT_CONVERSION = YES;
				GCC_WARN_ABOUT_RETURN_TYPE = YES_ERROR;
				GCC_WARN_UNDECLARED_SELECTOR = YES;
				GCC_WARN_UNINITIALIZED_AUTOS = YES_AGGRESSIVE;
				GCC_WARN_UNUSED_FUNCTION = YES;
				GCC_WARN_UNUSED_VARIABLE = YES;
				"INFOPLIST_FILE[sdk=*]" = "";
				IPHONEOS_DEPLOYMENT_TARGET = 14.4;
				MTL_ENABLE_DEBUG_INFO = INCLUDE_SOURCE;
				MTL_FAST_MATH = YES;
				ONLY_ACTIVE_ARCH = YES;
				SDKROOT = iphoneos;
				SWIFT_ACTIVE_COMPILATION_CONDITIONS = DEBUG;
				SWIFT_OPTIMIZATION_LEVEL = "-Onone";
			};
			name = Debug;
		};
		0DD9CFE22618956600E465AB /* Release */ = {
			isa = XCBuildConfiguration;
			buildSettings = {
				ALWAYS_SEARCH_USER_PATHS = NO;
				CLANG_ANALYZER_NONNULL = YES;
				CLANG_ANALYZER_NUMBER_OBJECT_CONVERSION = YES_AGGRESSIVE;
				CLANG_CXX_LANGUAGE_STANDARD = "gnu++14";
				CLANG_CXX_LIBRARY = "libc++";
				CLANG_ENABLE_MODULES = YES;
				CLANG_ENABLE_OBJC_ARC = YES;
				CLANG_ENABLE_OBJC_WEAK = YES;
				CLANG_WARN_BLOCK_CAPTURE_AUTORELEASING = YES;
				CLANG_WARN_BOOL_CONVERSION = YES;
				CLANG_WARN_COMMA = YES;
				CLANG_WARN_CONSTANT_CONVERSION = YES;
				CLANG_WARN_DEPRECATED_OBJC_IMPLEMENTATIONS = YES;
				CLANG_WARN_DIRECT_OBJC_ISA_USAGE = YES_ERROR;
				CLANG_WARN_DOCUMENTATION_COMMENTS = YES;
				CLANG_WARN_EMPTY_BODY = YES;
				CLANG_WARN_ENUM_CONVERSION = YES;
				CLANG_WARN_INFINITE_RECURSION = YES;
				CLANG_WARN_INT_CONVERSION = YES;
				CLANG_WARN_NON_LITERAL_NULL_CONVERSION = YES;
				CLANG_WARN_OBJC_IMPLICIT_RETAIN_SELF = YES;
				CLANG_WARN_OBJC_LITERAL_CONVERSION = YES;
				CLANG_WARN_OBJC_ROOT_CLASS = YES_ERROR;
				CLANG_WARN_QUOTED_INCLUDE_IN_FRAMEWORK_HEADER = YES;
				CLANG_WARN_RANGE_LOOP_ANALYSIS = YES;
				CLANG_WARN_STRICT_PROTOTYPES = YES;
				CLANG_WARN_SUSPICIOUS_MOVE = YES;
				CLANG_WARN_UNGUARDED_AVAILABILITY = YES_AGGRESSIVE;
				CLANG_WARN_UNREACHABLE_CODE = YES;
				CLANG_WARN__DUPLICATE_METHOD_MATCH = YES;
				COPY_PHASE_STRIP = NO;
				DEBUG_INFORMATION_FORMAT = "dwarf-with-dsym";
				ENABLE_NS_ASSERTIONS = NO;
				ENABLE_STRICT_OBJC_MSGSEND = YES;
				GCC_C_LANGUAGE_STANDARD = gnu11;
				GCC_NO_COMMON_BLOCKS = YES;
				GCC_WARN_64_TO_32_BIT_CONVERSION = YES;
				GCC_WARN_ABOUT_RETURN_TYPE = YES_ERROR;
				GCC_WARN_UNDECLARED_SELECTOR = YES;
				GCC_WARN_UNINITIALIZED_AUTOS = YES_AGGRESSIVE;
				GCC_WARN_UNUSED_FUNCTION = YES;
				GCC_WARN_UNUSED_VARIABLE = YES;
				IPHONEOS_DEPLOYMENT_TARGET = 14.4;
				MTL_ENABLE_DEBUG_INFO = NO;
				MTL_FAST_MATH = YES;
				SDKROOT = iphoneos;
				SWIFT_COMPILATION_MODE = wholemodule;
				SWIFT_OPTIMIZATION_LEVEL = "-O";
				VALIDATE_PRODUCT = YES;
			};
			name = Release;
		};
		0DD9CFE42618956600E465AB /* Debug */ = {
			isa = XCBuildConfiguration;
			buildSettings = {
				ASSETCATALOG_COMPILER_APPICON_NAME = AppIcon;
				ASSETCATALOG_COMPILER_GLOBAL_ACCENT_COLOR_NAME = AccentColor;
				CODE_SIGN_STYLE = Automatic;
				CURRENT_PROJECT_VERSION = 2.1;
				DEVELOPMENT_ASSET_PATHS = "\"Log-Line/Preview Content\"";
				DEVELOPMENT_TEAM = 6TPWY3BLL8;
				ENABLE_PREVIEWS = YES;
				ENABLE_TESTABILITY = YES;
				INFOPLIST_FILE = "Log-Line/Info.plist";
				IPHONEOS_DEPLOYMENT_TARGET = 14.1;
				LD_RUNPATH_SEARCH_PATHS = (
					"$(inherited)",
					"@executable_path/Frameworks",
				);
				MARKETING_VERSION = 1.2;
				PRODUCT_BUNDLE_IDENTIFIER = "Log-Line.Petar-Simonovic";
				PRODUCT_NAME = "$(TARGET_NAME)";
				SWIFT_VERSION = 5.0;
				TARGETED_DEVICE_FAMILY = 1;
			};
			name = Debug;
		};
		0DD9CFE52618956600E465AB /* Release */ = {
			isa = XCBuildConfiguration;
			buildSettings = {
				ASSETCATALOG_COMPILER_APPICON_NAME = AppIcon;
				ASSETCATALOG_COMPILER_GLOBAL_ACCENT_COLOR_NAME = AccentColor;
				CODE_SIGN_STYLE = Automatic;
				CURRENT_PROJECT_VERSION = 2.1;
				DEVELOPMENT_ASSET_PATHS = "\"Log-Line/Preview Content\"";
				DEVELOPMENT_TEAM = 6TPWY3BLL8;
				ENABLE_PREVIEWS = YES;
				ENABLE_TESTABILITY = YES;
				INFOPLIST_FILE = "Log-Line/Info.plist";
				IPHONEOS_DEPLOYMENT_TARGET = 14.1;
				LD_RUNPATH_SEARCH_PATHS = (
					"$(inherited)",
					"@executable_path/Frameworks",
				);
				MARKETING_VERSION = 1.2;
				PRODUCT_BUNDLE_IDENTIFIER = "Log-Line.Petar-Simonovic";
				PRODUCT_NAME = "$(TARGET_NAME)";
				SWIFT_VERSION = 5.0;
				TARGETED_DEVICE_FAMILY = 1;
			};
			name = Release;
		};
/* End XCBuildConfiguration section */

/* Begin XCConfigurationList section */
		0DA5A2C92621B5200001BACD /* Build configuration list for PBXNativeTarget "Log-LineTests" */ = {
			isa = XCConfigurationList;
			buildConfigurations = (
				0DA5A2CA2621B5200001BACD /* Debug */,
				0DA5A2CB2621B5200001BACD /* Release */,
			);
			defaultConfigurationIsVisible = 0;
			defaultConfigurationName = Release;
		};
		0DD9CFB92618956500E465AB /* Build configuration list for PBXProject "Log-Line" */ = {
			isa = XCConfigurationList;
			buildConfigurations = (
				0DD9CFE12618956600E465AB /* Debug */,
				0DD9CFE22618956600E465AB /* Release */,
			);
			defaultConfigurationIsVisible = 0;
			defaultConfigurationName = Release;
		};
		0DD9CFE32618956600E465AB /* Build configuration list for PBXNativeTarget "Log-Line" */ = {
			isa = XCConfigurationList;
			buildConfigurations = (
				0DD9CFE42618956600E465AB /* Debug */,
				0DD9CFE52618956600E465AB /* Release */,
			);
			defaultConfigurationIsVisible = 0;
			defaultConfigurationName = Release;
		};
/* End XCConfigurationList section */
	};
	rootObject = 0DD9CFB62618956500E465AB /* Project object */;
}
